lockfileVersion: '6.0'

settings:
  autoInstallPeers: true
  excludeLinksFromLockfile: false

dependencies:
  lodash.debounce:
    specifier: ^4.0.8
    version: 4.0.8

devDependencies:
  '@types/lodash.debounce':
    specifier: ^4.0.7
    version: 4.0.7

packages:

  /@types/lodash.debounce@4.0.7:
    resolution: {integrity: sha512-X1T4wMZ+gT000M2/91SYj0d/7JfeNZ9PeeOldSNoE/lunLeQXKvkmIumI29IaKMotU/ln/McOIvgzZcQ/3TrSA==}
    dependencies:
      '@types/lodash': 4.14.199
    dev: true

  /@types/lodash@4.14.199:
    resolution: {integrity: sha512-Vrjz5N5Ia4SEzWWgIVwnHNEnb1UE1XMkvY5DGXrAeOGE9imk0hgTHh5GyDjLDJi9OTCn9oo9dXH1uToK1VRfrg==}
    dev: true

  /lodash.debounce@4.0.8:
    resolution: {integrity: sha512-FT1yDzDYEoYWhnSGnpE/4Kj1fLZkDFyqRb7fNt6FdYOSxlUWAtp42Eh6Wb0rGIv/m9Bgo7x4GhQbm5Ys4SG5ow==}
    dev: false
