lockfileVersion: '6.0'

settings:
  autoInstallPeers: true
  excludeLinksFromLockfile: false

devDependencies:
  dotenv:
    specifier: ^16.4.2
    version: 16.4.2

packages:

  /dotenv@16.4.2:
    resolution: {integrity: sha512-rZSSFxke7d9nYQ5NeMIwp5PP+f8wXgKNljpOb7KtH6SKW1cEqcXAz9VSJYVLKe7Jhup/gUYOkaeSVyK8GJ+nBg==}
    engines: {node: '>=12'}
    dev: true
