lockfileVersion: '6.0'

settings:
  autoInstallPeers: true
  excludeLinksFromLockfile: false

dependencies:
  lodash.get:
    specifier: ^4.4.2
    version: 4.4.2
  lodash.set:
    specifier: ^4.3.2
    version: 4.3.2

devDependencies:
  '@types/lodash.get':
    specifier: ^4.4.8
    version: 4.4.8
  '@types/lodash.set':
    specifier: ^4.3.8
    version: 4.3.8
  '@types/pngjs':
    specifier: ^6.0.4
    version: 6.0.4
  pngjs:
    specifier: ^7.0.0
    version: 7.0.0

packages:

  /@types/lodash.get@4.4.8:
    resolution: {integrity: sha512-XK+co6sBkJxh1vaVP8al6cAA17dX//RNCknGG8JhpHFJfxq/GXKAYB9NKheG22pu2xpWpxfFd65W08EhH2IFlg==}
    dependencies:
      '@types/lodash': 4.14.200
    dev: true

  /@types/lodash.set@4.3.8:
    resolution: {integrity: sha512-WYIWnVO5xkcEKehhZf0Whrf9wj9D1AuaGTpwT/mCEJXKgdC2UWcMpvRqJahKQNhnOjmGEhpUqbYNJ6gUgdGSQw==}
    dependencies:
      '@types/lodash': 4.14.200
    dev: true

  /@types/lodash@4.14.200:
    resolution: {integrity: sha512-YI/M/4HRImtNf3pJgbF+W6FrXovqj+T+/HpENLTooK9PnkacBsDpeP3IpHab40CClUfhNmdM2WTNP2sa2dni5Q==}
    dev: true

  /@types/node@20.10.4:
    resolution: {integrity: sha512-D08YG6rr8X90YB56tSIuBaddy/UXAA9RKJoFvrsnogAum/0pmjkgi4+2nx96A330FmioegBWmEYQ+syqCFaveg==}
    dependencies:
      undici-types: 5.26.5
    dev: true

  /@types/pngjs@6.0.4:
    resolution: {integrity: sha512-atAK9xLKOnxiuArxcHovmnOUUGBZOQ3f0vCf43FnoKs6XnqiambT1kkJWmdo71IR+BoXSh+CueeFR0GfH3dTlQ==}
    dependencies:
      '@types/node': 20.10.4
    dev: true

  /lodash.get@4.4.2:
    resolution: {integrity: sha512-z+Uw/vLuy6gQe8cfaFWD7p0wVv8fJl3mbzXh33RS+0oW2wvUqiRXiQ69gLWSLpgB5/6sU+r6BlQR0MBILadqTQ==}
    dev: false

  /lodash.set@4.3.2:
    resolution: {integrity: sha512-4hNPN5jlm/N/HLMCO43v8BXKq9Z7QdAGc/VGrRD61w8gN9g/6jF9A4L1pbUgBLCffi0w9VsXfTOij5x8iTyFvg==}
    dev: false

  /pngjs@7.0.0:
    resolution: {integrity: sha512-LKWqWJRhstyYo9pGvgor/ivk2w94eSjE3RGVuzLGlr3NmD8bf7RcYGze1mNdEHRP6TRP6rMuDHk5t44hnTRyow==}
    engines: {node: '>=14.19.0'}
    dev: true

  /undici-types@5.26.5:
    resolution: {integrity: sha512-JlCMO+ehdEIKqlFxk6IfVoAUVmgz7cU7zD/h9XZ0qzeosSHmUJVOzSQvvYSYWXkFXC+IfLKSIffhv0sVZup6pA==}
    dev: true
