lockfileVersion: '6.0'

settings:
  autoInstallPeers: true
  excludeLinksFromLockfile: false

dependencies:
  lodash.get:
    specifier: ^4.4.2
    version: 4.4.2
  lodash.set:
    specifier: ^4.3.2
    version: 4.3.2

devDependencies:
  '@types/lodash.get':
    specifier: ^4.4.8
    version: 4.4.8
  '@types/lodash.set':
    specifier: ^4.3.8
    version: 4.3.8

packages:

  /@types/lodash.get@4.4.8:
    resolution: {integrity: sha512-XK+co6sBkJxh1vaVP8al6cAA17dX//RNCknGG8JhpHFJfxq/GXKAYB9NKheG22pu2xpWpxfFd65W08EhH2IFlg==}
    dependencies:
      '@types/lodash': 4.14.200
    dev: true

  /@types/lodash.set@4.3.8:
    resolution: {integrity: sha512-WYIWnVO5xkcEKehhZf0Whrf9wj9D1AuaGTpwT/mCEJXKgdC2UWcMpvRqJahKQNhnOjmGEhpUqbYNJ6gUgdGSQw==}
    dependencies:
      '@types/lodash': 4.14.200
    dev: true

  /@types/lodash@4.14.200:
    resolution: {integrity: sha512-YI/M/4HRImtNf3pJgbF+W6FrXovqj+T+/HpENLTooK9PnkacBsDpeP3IpHab40CClUfhNmdM2WTNP2sa2dni5Q==}
    dev: true

  /lodash.get@4.4.2:
    resolution: {integrity: sha512-z+Uw/vLuy6gQe8cfaFWD7p0wVv8fJl3mbzXh33RS+0oW2wvUqiRXiQ69gLWSLpgB5/6sU+r6BlQR0MBILadqTQ==}
    dev: false

  /lodash.set@4.3.2:
    resolution: {integrity: sha512-4hNPN5jlm/N/HLMCO43v8BXKq9Z7QdAGc/VGrRD61w8gN9g/6jF9A4L1pbUgBLCffi0w9VsXfTOij5x8iTyFvg==}
    dev: false
